{"compatibility":{"canonical":2,"frontend":3,"hir":2,"language":"0.2","lockfile":1,"manifest":1,"mir":1,"release":"0.1.0-alpha.1","rir":1,"runtime_abi":1,"semantic_world":1},"graph":{"ffi":[]},"lockfile":1,"manifest_hash":"fbf2ad2db3fbff73e43dc29dc6a48c73b93e3d36488b0ac8f529ca0c52a65cc3","packages":[{"dependencies":[],"name":"ffi","source":{"kind":"path","path":"."},"source_hash":"fbf2ad2db3fbff73e43dc29dc6a48c73b93e3d36488b0ac8f529ca0c52a65cc3","version":"0.1.0"}]}
