{"compatibility":{"bounded_symbolic":1,"canonical":6,"change_ir":1,"frontend":8,"hir":13,"language":"0.3","lockfile":1,"manifest":1,"mir":4,"obligation_ir":1,"parallel_ir":1,"patch_evidence":1,"preservation":1,"property_evidence":1,"range_analysis":1,"release":"0.1.0-alpha.3-dev","rir":6,"runtime_abi":2,"semantic_capsule":1,"semantic_impact":1,"semantic_world":19,"smt":1,"transaction":1,"verification_metrics":1,"wasm_backend":1},"graph":{"expense-report":[]},"lockfile":1,"manifest_hash":"fb3def3b0bbe63fb79fdff8766f4a492a5a8b79abc3ee5371af072d2a65db870","packages":[{"dependencies":[],"name":"expense-report","source":{"kind":"path","path":"."},"source_hash":"fb3def3b0bbe63fb79fdff8766f4a492a5a8b79abc3ee5371af072d2a65db870","version":"0.1.0"}]}
