{"compatibility":{"bounded_symbolic":1,"canonical":6,"change_ir":1,"frontend":8,"hir":11,"language":"0.3","lockfile":1,"manifest":1,"mir":2,"obligation_ir":1,"parallel_ir":1,"patch_evidence":1,"preservation":1,"property_evidence":1,"range_analysis":1,"release":"0.1.0-alpha.3-dev","rir":5,"runtime_abi":2,"semantic_capsule":1,"semantic_impact":1,"semantic_world":18,"smt":1,"transaction":1,"verification_metrics":1,"wasm_backend":1},"graph":{"invoice-summary":[]},"lockfile":1,"manifest_hash":"7c0580c789e5dfe579e6bf875d5d714615c9c84548cfde6912617bdedee129da","packages":[{"dependencies":[],"name":"invoice-summary","source":{"kind":"path","path":"."},"source_hash":"7c0580c789e5dfe579e6bf875d5d714615c9c84548cfde6912617bdedee129da","version":"0.1.0"}]}
