{"compatibility":{"canonical":2,"frontend":3,"hir":2,"language":"0.2","lockfile":1,"manifest":1,"mir":1,"release":"0.1.0-alpha.2","rir":1,"runtime_abi":1,"semantic_world":1},"graph":{"ndjson":[]},"lockfile":1,"manifest_hash":"d324c941917412674736d7a354481302c55e6812ba3c0a3f720ecce8cfcd1c93","packages":[{"dependencies":[],"name":"ndjson","source":{"kind":"path","path":"."},"source_hash":"d324c941917412674736d7a354481302c55e6812ba3c0a3f720ecce8cfcd1c93","version":"0.1.0"}]}
