{"compatibility":{"canonical":5,"frontend":7,"hir":5,"language":"0.3","lockfile":1,"manifest":1,"mir":2,"release":"0.1.0-alpha.3-dev","rir":2,"runtime_abi":2,"semantic_world":4},"graph":{"byte-stats":[]},"lockfile":1,"manifest_hash":"14c58a0bc72df368e8c7080eb374d9e9a06e33a77b5e2e78825b8f6870d78f2d","packages":[{"dependencies":[],"name":"byte-stats","source":{"kind":"path","path":"."},"source_hash":"14c58a0bc72df368e8c7080eb374d9e9a06e33a77b5e2e78825b8f6870d78f2d","version":"0.1.0"}]}
