{"compatibility":{"bounded_symbolic":1,"canonical":6,"change_ir":1,"frontend":8,"hir":11,"language":"0.3","lockfile":1,"manifest":1,"mir":2,"obligation_ir":1,"parallel_ir":1,"patch_evidence":1,"preservation":1,"property_evidence":1,"range_analysis":1,"release":"0.1.0-alpha.3-dev","rir":5,"runtime_abi":2,"semantic_capsule":1,"semantic_impact":1,"semantic_world":18,"smt":1,"transaction":1,"verification_metrics":1,"wasm_backend":1},"graph":{"sensor-window":[]},"lockfile":1,"manifest_hash":"fd2bcb6302459848a9d36d9f6e18b0edb2b40545f9aa8f5c0ea691a701fa20c8","packages":[{"dependencies":[],"name":"sensor-window","source":{"kind":"path","path":"."},"source_hash":"fd2bcb6302459848a9d36d9f6e18b0edb2b40545f9aa8f5c0ea691a701fa20c8","version":"0.1.0"}]}
