{"compatibility":{"bounded_symbolic":1,"canonical":6,"change_ir":1,"frontend":8,"hir":9,"language":"0.3","lockfile":1,"manifest":1,"mir":2,"obligation_ir":1,"parallel_ir":1,"patch_evidence":1,"preservation":1,"property_evidence":1,"range_analysis":1,"release":"0.1.0-alpha.3-dev","rir":5,"runtime_abi":2,"semantic_capsule":1,"semantic_impact":1,"semantic_world":17,"smt":1,"transaction":1,"verification_metrics":1,"wasm_backend":1},"graph":{"greeting":[],"packages":["greeting"]},"lockfile":1,"manifest_hash":"4aff30ce66ba218688101df46c6f09faa9508012b0b35aa7d58b4990fef047c5","packages":[{"dependencies":[],"name":"greeting","source":{"kind":"path","path":"vendor/greeting"},"source_hash":"d7f6a1d53c0933f708d4df66b6d44ad87119dc5250db425fd0bb4e2568ae7446","version":"0.1.0"},{"dependencies":["greeting"],"name":"packages","source":{"kind":"path","path":"."},"source_hash":"4aff30ce66ba218688101df46c6f09faa9508012b0b35aa7d58b4990fef047c5","version":"0.1.0"}]}
