{"compatibility":{"canonical":2,"frontend":3,"hir":2,"language":"0.2","lockfile":1,"manifest":1,"mir":1,"release":"0.1.0-alpha.1","rir":1,"runtime_abi":1,"semantic_world":1},"graph":{"greeting":[],"packages":["greeting"]},"lockfile":1,"manifest_hash":"4aff30ce66ba218688101df46c6f09faa9508012b0b35aa7d58b4990fef047c5","packages":[{"dependencies":[],"name":"greeting","source":{"kind":"path","path":"vendor/greeting"},"source_hash":"d7f6a1d53c0933f708d4df66b6d44ad87119dc5250db425fd0bb4e2568ae7446","version":"0.1.0"},{"dependencies":["greeting"],"name":"packages","source":{"kind":"path","path":"."},"source_hash":"f17f18bab1fe34dca047bead7475e575e39d6b6b7445948ba956bed6eb85ceb2","version":"0.1.0"}]}
