{"compatibility":{"canonical":5,"frontend":7,"hir":5,"language":"0.3","lockfile":1,"manifest":1,"mir":2,"obligation_ir":1,"range_analysis":1,"release":"0.1.0-alpha.3-dev","rir":2,"runtime_abi":2,"semantic_world":6},"graph":{"invoice-report":[]},"lockfile":1,"manifest_hash":"e093a7225c64252b1a5331aa0eeb85ac531e575751407e33219f87f460bd2f6d","packages":[{"dependencies":[],"name":"invoice-report","source":{"kind":"path","path":"."},"source_hash":"e093a7225c64252b1a5331aa0eeb85ac531e575751407e33219f87f460bd2f6d","version":"0.1.0"}]}
