{"compatibility":{"canonical":2,"frontend":3,"hir":2,"language":"0.2","lockfile":1,"manifest":1,"mir":1,"release":"0.1.0-alpha.2","rir":1,"runtime_abi":1,"semantic_world":1},"graph":{"network":[]},"lockfile":1,"manifest_hash":"2b4796c90fbab5b1db97440b867dcd67ebbdeed75fc64009affb23ac43c11fb0","packages":[{"dependencies":[],"name":"network","source":{"kind":"path","path":"."},"source_hash":"2b4796c90fbab5b1db97440b867dcd67ebbdeed75fc64009affb23ac43c11fb0","version":"0.1.0"}]}
