{"compatibility":{"bounded_symbolic":1,"canonical":5,"frontend":7,"hir":5,"language":"0.3","lockfile":1,"manifest":1,"mir":2,"obligation_ir":1,"range_analysis":1,"release":"0.1.0-alpha.3-dev","rir":2,"runtime_abi":2,"semantic_world":7},"graph":{"tree-walk":[]},"lockfile":1,"manifest_hash":"bd4ca0bcfe88828967faba79746a934ac6424b2c43082d76639e487d8460d864","packages":[{"dependencies":[],"name":"tree-walk","source":{"kind":"path","path":"."},"source_hash":"bd4ca0bcfe88828967faba79746a934ac6424b2c43082d76639e487d8460d864","version":"0.1.0"}]}
