{"compatibility":{"bounded_symbolic":1,"canonical":5,"change_ir":1,"frontend":7,"hir":5,"language":"0.3","lockfile":1,"manifest":1,"mir":2,"obligation_ir":1,"property_evidence":1,"range_analysis":1,"release":"0.1.0-alpha.3-dev","rir":2,"runtime_abi":2,"semantic_world":11,"smt":1,"verification_metrics":1},"graph":{"automation":[]},"lockfile":1,"manifest_hash":"5a73623774b64b31201fa4edcdcdff9bf5b0e15cefd80eebfd6fada9b91e822f","packages":[{"dependencies":[],"name":"automation","source":{"kind":"path","path":"."},"source_hash":"5a73623774b64b31201fa4edcdcdff9bf5b0e15cefd80eebfd6fada9b91e822f","version":"0.1.0"}]}
