{"compatibility":{"bounded_symbolic":1,"canonical":6,"change_ir":1,"frontend":8,"hir":8,"language":"0.3","lockfile":1,"manifest":1,"mir":2,"obligation_ir":1,"parallel_ir":1,"patch_evidence":1,"preservation":1,"property_evidence":1,"range_analysis":1,"release":"0.1.0-alpha.3-dev","rir":3,"runtime_abi":2,"semantic_capsule":1,"semantic_impact":1,"semantic_world":16,"smt":1,"transaction":1,"verification_metrics":1,"wasm_backend":1},"graph":{"merlo-self-host":[]},"lockfile":1,"manifest_hash":"a3f5d99243acd4b38e912fd86b61a1eabd828530e8801c9627c09ee4d904b41b","packages":[{"dependencies":[],"name":"merlo-self-host","source":{"kind":"path","path":"."},"source_hash":"a3f5d99243acd4b38e912fd86b61a1eabd828530e8801c9627c09ee4d904b41b","version":"0.1.0"}]}
