{"compatibility":{"bounded_symbolic":1,"canonical":5,"change_ir":1,"frontend":7,"hir":5,"language":"0.3","lockfile":1,"manifest":1,"mir":2,"obligation_ir":1,"property_evidence":1,"range_analysis":1,"release":"0.1.0-alpha.3-dev","rir":2,"runtime_abi":2,"semantic_world":11,"smt":1,"verification_metrics":1},"graph":{"capacity-ledger":[]},"lockfile":1,"manifest_hash":"5cda35ac05e2f164f3a81871b7f827719066abb3ef0fad4c0ed6f4b4f32d341b","packages":[{"dependencies":[],"name":"capacity-ledger","source":{"kind":"path","path":"."},"source_hash":"5cda35ac05e2f164f3a81871b7f827719066abb3ef0fad4c0ed6f4b4f32d341b","version":"0.1.0"}]}
