{"compatibility":{"bounded_symbolic":1,"canonical":5,"change_ir":1,"frontend":7,"hir":5,"language":"0.3","lockfile":1,"manifest":1,"mir":2,"obligation_ir":1,"property_evidence":1,"range_analysis":1,"release":"0.1.0-alpha.3-dev","rir":2,"runtime_abi":2,"semantic_capsule":1,"semantic_world":12,"smt":1,"verification_metrics":1},"graph":{"grep":[]},"lockfile":1,"manifest_hash":"a2b4eea7c381c12b2fd3b89deb688d8108947e55b7f97fc856db15dea5fd165c","packages":[{"dependencies":[],"name":"grep","source":{"kind":"path","path":"."},"source_hash":"a2b4eea7c381c12b2fd3b89deb688d8108947e55b7f97fc856db15dea5fd165c","version":"0.1.0"}]}
