{"compatibility":{"canonical":5,"frontend":7,"hir":5,"language":"0.3","lockfile":1,"manifest":1,"mir":2,"release":"0.1.0-alpha.3-dev","rir":2,"runtime_abi":2,"semantic_world":4},"graph":{"task-board":[]},"lockfile":1,"manifest_hash":"77f19f5d8773fefc8bf41e6f977de9c71cf1f73d3c54e89bd306b965905e5cc2","packages":[{"dependencies":[],"name":"task-board","source":{"kind":"path","path":"."},"source_hash":"77f19f5d8773fefc8bf41e6f977de9c71cf1f73d3c54e89bd306b965905e5cc2","version":"0.1.0"}]}
