{"compatibility":{"bounded_symbolic":1,"canonical":6,"change_ir":1,"frontend":8,"hir":12,"language":"0.3","lockfile":1,"manifest":1,"mir":3,"obligation_ir":1,"parallel_ir":1,"patch_evidence":1,"preservation":1,"property_evidence":1,"range_analysis":1,"release":"0.1.0-alpha.3-dev","rir":6,"runtime_abi":2,"semantic_capsule":1,"semantic_impact":1,"semantic_world":19,"smt":1,"transaction":1,"verification_metrics":1,"wasm_backend":1},"graph":{"csv":[]},"lockfile":1,"manifest_hash":"bc86733e9e6ee58e13f8a80b0c59d9bebfd8316f0063f1e038e72b92bbf29e23","packages":[{"dependencies":[],"name":"csv","source":{"kind":"path","path":"."},"source_hash":"bc86733e9e6ee58e13f8a80b0c59d9bebfd8316f0063f1e038e72b92bbf29e23","version":"0.1.0"}]}
