{"compatibility":{"canonical":2,"frontend":4,"hir":2,"language":"0.3","lockfile":1,"manifest":1,"mir":1,"release":"0.1.0-alpha.3-dev","rir":1,"runtime_abi":2,"semantic_world":1},"graph":{"csv":[]},"lockfile":1,"manifest_hash":"bc86733e9e6ee58e13f8a80b0c59d9bebfd8316f0063f1e038e72b92bbf29e23","packages":[{"dependencies":[],"name":"csv","source":{"kind":"path","path":"."},"source_hash":"bc86733e9e6ee58e13f8a80b0c59d9bebfd8316f0063f1e038e72b92bbf29e23","version":"0.1.0"}]}
