{"compatibility":{"bounded_symbolic":1,"canonical":6,"change_ir":1,"frontend":8,"hir":6,"language":"0.3","lockfile":1,"manifest":1,"mir":2,"obligation_ir":1,"parallel_ir":1,"patch_evidence":1,"preservation":1,"property_evidence":1,"range_analysis":1,"release":"0.1.0-alpha.3-dev","rir":2,"runtime_abi":2,"semantic_capsule":1,"semantic_impact":1,"semantic_world":14,"smt":1,"transaction":1,"verification_metrics":1,"wasm_backend":1},"graph":{"access-policy":[]},"lockfile":1,"manifest_hash":"513b16461f3cd4520995f4b5814a539bca4213d6bb913246b95b2aedcfcb3097","packages":[{"dependencies":[],"name":"access-policy","source":{"kind":"path","path":"."},"source_hash":"513b16461f3cd4520995f4b5814a539bca4213d6bb913246b95b2aedcfcb3097","version":"0.1.0"}]}
